
Microsoft Visual Studio Solution File, Format Version 12.00
# Visual Studio 15
Project("{FAE04EC0-301F-11D3-BF4B-00C04F79EFBC}") = "basicCalculator", "basicCalculator\basicCalculator.csproj", "{D4515612-87DF-4CFB-879A-12A1A31BE7F6}"
EndProject
Project("{FAE04EC0-301F-11D3-BF4B-00C04F79EFBC}") = "MathOperations", "MathOperations\MathOperations.csproj", "{8A7F365E-D73F-4376-9056-16EFE9C4DAAD}"
EndProject
Project("{FAE04EC0-301F-11D3-BF4B-00C04F79EFBC}") = "Multiplication", "Multiplication\Multiplication.csproj", "{38996FB7-B80A-4268-8DE4-39B6D555BF46}"
EndProject
Project("{FAE04EC0-301F-11D3-BF4B-00C04F79EFBC}") = "SquareRoot", "SquareRoot\SquareRoot.csproj", "{29D1DF92-2618-48B2-83EC-F3518501870A}"
EndProject
Global
	GlobalSection(SolutionConfigurationPlatforms) = preSolution
		Debug|Any CPU = Debug|Any CPU
		Release|Any CPU = Release|Any CPU
	EndGlobalSection
	GlobalSection(ProjectConfigurationPlatforms) = postSolution
		{D4515612-87DF-4CFB-879A-12A1A31BE7F6}.Debug|Any CPU.ActiveCfg = Debug|Any CPU
		{D4515612-87DF-4CFB-879A-12A1A31BE7F6}.Debug|Any CPU.Build.0 = Debug|Any CPU
		{D4515612-87DF-4CFB-879A-12A1A31BE7F6}.Release|Any CPU.ActiveCfg = Release|Any CPU
		{D4515612-87DF-4CFB-879A-12A1A31BE7F6}.Release|Any CPU.Build.0 = Release|Any CPU
		{8A7F365E-D73F-4376-9056-16EFE9C4DAAD}.Debug|Any CPU.ActiveCfg = Debug|Any CPU
		{8A7F365E-D73F-4376-9056-16EFE9C4DAAD}.Debug|Any CPU.Build.0 = Debug|Any CPU
		{8A7F365E-D73F-4376-9056-16EFE9C4DAAD}.Release|Any CPU.ActiveCfg = Release|Any CPU
		{8A7F365E-D73F-4376-9056-16EFE9C4DAAD}.Release|Any CPU.Build.0 = Release|Any CPU
		{38996FB7-B80A-4268-8DE4-39B6D555BF46}.Debug|Any CPU.ActiveCfg = Debug|Any CPU
		{38996FB7-B80A-4268-8DE4-39B6D555BF46}.Debug|Any CPU.Build.0 = Debug|Any CPU
		{38996FB7-B80A-4268-8DE4-39B6D555BF46}.Release|Any CPU.ActiveCfg = Release|Any CPU
		{38996FB7-B80A-4268-8DE4-39B6D555BF46}.Release|Any CPU.Build.0 = Release|Any CPU
		{29D1DF92-2618-48B2-83EC-F3518501870A}.Debug|Any CPU.ActiveCfg = Debug|Any CPU
		{29D1DF92-2618-48B2-83EC-F3518501870A}.Debug|Any CPU.Build.0 = Debug|Any CPU
		{29D1DF92-2618-48B2-83EC-F3518501870A}.Release|Any CPU.ActiveCfg = Release|Any CPU
		{29D1DF92-2618-48B2-83EC-F3518501870A}.Release|Any CPU.Build.0 = Release|Any CPU
	EndGlobalSection
EndGlobal
