Microsoft Visual Studio Solution File, Format Version 12.00
# Visual Studio Version 16
VisualStudioVersion = 16.0.29806.167
MinimumVisualStudioVersion = 10.0.40219.1
Project("{9A19103F-16F7-4668-BE54-9A1E7A4F7556}") = "basicCalculatorTests", "basicCalculatorTests\basicCalculatorTests.csproj", "{2D5B6336-AFDB-4DAC-A5CF-65C97B2A5EB5}"
EndProject
Project("{9A19103F-16F7-4668-BE54-9A1E7A4F7556}") = "InterfaceTests", "InterfaceTests\InterfaceTests.csproj", "{A38ECEBB-1DCC-4B3E-A778-47519748E7BA}"
EndProject
Project("{9A19103F-16F7-4668-BE54-9A1E7A4F7556}") = "MathOperations", "MathOperations\MathOperations.csproj", "{479986EE-566C-4009-9FB0-BE00E88EED9B}"
EndProject
Project("{9A19103F-16F7-4668-BE54-9A1E7A4F7556}") = "Multiplication", "Multiplication\Multiplication.csproj", "{D62A9DD1-1053-49EB-A842-69884F0C4AEE}"
EndProject
Project("{9A19103F-16F7-4668-BE54-9A1E7A4F7556}") = "SquareRoot", "SquareRoot\SquareRoot.csproj", "{B49565A6-2EA7-4C0F-9024-CA41652BEC50}"
EndProject
Project("{FAE04EC0-301F-11D3-BF4B-00C04F79EFBC}") = "basicCalculator", "basicCalculator\basicCalculator.csproj", "{B61F5035-BF88-4A5D-BA90-9969AFA96439}"
EndProject
Project("{FAE04EC0-301F-11D3-BF4B-00C04F79EFBC}") = "Subtraction", "Subtraction\Subtraction.csproj", "{DDA1EBE1-6B63-4178-A0B0-2D500F4CD2F1}"
EndProject
Project("{FAE04EC0-301F-11D3-BF4B-00C04F79EFBC}") = "Square", "Squaring\Square.csproj", "{33F93AE1-3501-4C8E-BF07-0222CD12F8D4}"
EndProject
Global
	GlobalSection(SolutionConfigurationPlatforms) = preSolution
		Debug|Any CPU = Debug|Any CPU
		Release|Any CPU = Release|Any CPU
	EndGlobalSection
	GlobalSection(ProjectConfigurationPlatforms) = postSolution
		{2D5B6336-AFDB-4DAC-A5CF-65C97B2A5EB5}.Debug|Any CPU.ActiveCfg = Debug|Any CPU
		{2D5B6336-AFDB-4DAC-A5CF-65C97B2A5EB5}.Debug|Any CPU.Build.0 = Debug|Any CPU
		{2D5B6336-AFDB-4DAC-A5CF-65C97B2A5EB5}.Release|Any CPU.ActiveCfg = Release|Any CPU
		{2D5B6336-AFDB-4DAC-A5CF-65C97B2A5EB5}.Release|Any CPU.Build.0 = Release|Any CPU
		{A38ECEBB-1DCC-4B3E-A778-47519748E7BA}.Debug|Any CPU.ActiveCfg = Debug|Any CPU
		{A38ECEBB-1DCC-4B3E-A778-47519748E7BA}.Debug|Any CPU.Build.0 = Debug|Any CPU
		{A38ECEBB-1DCC-4B3E-A778-47519748E7BA}.Release|Any CPU.ActiveCfg = Release|Any CPU
		{A38ECEBB-1DCC-4B3E-A778-47519748E7BA}.Release|Any CPU.Build.0 = Release|Any CPU
		{479986EE-566C-4009-9FB0-BE00E88EED9B}.Debug|Any CPU.ActiveCfg = Debug|Any CPU
		{479986EE-566C-4009-9FB0-BE00E88EED9B}.Debug|Any CPU.Build.0 = Debug|Any CPU
		{479986EE-566C-4009-9FB0-BE00E88EED9B}.Release|Any CPU.ActiveCfg = Release|Any CPU
		{479986EE-566C-4009-9FB0-BE00E88EED9B}.Release|Any CPU.Build.0 = Release|Any CPU
		{D62A9DD1-1053-49EB-A842-69884F0C4AEE}.Debug|Any CPU.ActiveCfg = Debug|Any CPU
		{D62A9DD1-1053-49EB-A842-69884F0C4AEE}.Debug|Any CPU.Build.0 = Debug|Any CPU
		{D62A9DD1-1053-49EB-A842-69884F0C4AEE}.Release|Any CPU.ActiveCfg = Release|Any CPU
		{D62A9DD1-1053-49EB-A842-69884F0C4AEE}.Release|Any CPU.Build.0 = Release|Any CPU
		{B49565A6-2EA7-4C0F-9024-CA41652BEC50}.Debug|Any CPU.ActiveCfg = Debug|Any CPU
		{B49565A6-2EA7-4C0F-9024-CA41652BEC50}.Debug|Any CPU.Build.0 = Debug|Any CPU
		{B49565A6-2EA7-4C0F-9024-CA41652BEC50}.Release|Any CPU.ActiveCfg = Release|Any CPU
		{B49565A6-2EA7-4C0F-9024-CA41652BEC50}.Release|Any CPU.Build.0 = Release|Any CPU
		{B61F5035-BF88-4A5D-BA90-9969AFA96439}.Debug|Any CPU.ActiveCfg = Debug|Any CPU
		{B61F5035-BF88-4A5D-BA90-9969AFA96439}.Debug|Any CPU.Build.0 = Debug|Any CPU
		{B61F5035-BF88-4A5D-BA90-9969AFA96439}.Release|Any CPU.ActiveCfg = Release|Any CPU
		{B61F5035-BF88-4A5D-BA90-9969AFA96439}.Release|Any CPU.Build.0 = Release|Any CPU
		{DDA1EBE1-6B63-4178-A0B0-2D500F4CD2F1}.Debug|Any CPU.ActiveCfg = Debug|Any CPU
		{DDA1EBE1-6B63-4178-A0B0-2D500F4CD2F1}.Debug|Any CPU.Build.0 = Debug|Any CPU
		{DDA1EBE1-6B63-4178-A0B0-2D500F4CD2F1}.Release|Any CPU.ActiveCfg = Release|Any CPU
		{DDA1EBE1-6B63-4178-A0B0-2D500F4CD2F1}.Release|Any CPU.Build.0 = Release|Any CPU
		{33F93AE1-3501-4C8E-BF07-0222CD12F8D4}.Debug|Any CPU.ActiveCfg = Debug|Any CPU
		{33F93AE1-3501-4C8E-BF07-0222CD12F8D4}.Debug|Any CPU.Build.0 = Debug|Any CPU
		{33F93AE1-3501-4C8E-BF07-0222CD12F8D4}.Release|Any CPU.ActiveCfg = Release|Any CPU
		{33F93AE1-3501-4C8E-BF07-0222CD12F8D4}.Release|Any CPU.Build.0 = Release|Any CPU
	EndGlobalSection
	GlobalSection(SolutionProperties) = preSolution
		HideSolutionNode = FALSE
	EndGlobalSection
	GlobalSection(ExtensibilityGlobals) = postSolution
		SolutionGuid = {0A6AED47-170A-4E14-BDC4-479B3D0C8690}
	EndGlobalSection
EndGlobal
